
Microsoft Visual Studio Solution File, Format Version 12.00
# Visual Studio 15
VisualStudioVersion = 15.0.28307.645
MinimumVisualStudioVersion = 10.0.40219.1
Project("{9A19103F-16F7-4668-BE54-9A1E7A4F7556}") = "KountRISSdkCore", "KountRISSdkCore\KountRISSdkCore.csproj", "{8C994DCF-4B85-47A8-9596-C474993C1BB5}"
EndProject
Project("{9A19103F-16F7-4668-BE54-9A1E7A4F7556}") = "KountRisCoreConfigTest", "KountRisCoreConfigTest\KountRisCoreConfigTest.csproj", "{DD6B52A3-F4D5-4E3F-A226-20FFA47DA0FD}"
EndProject
Project("{FAE04EC0-301F-11D3-BF4B-00C04F79EFBC}") = "KountRisCoreTest", "KountRisCoreTest\KountRisCoreTest.csproj", "{A073968A-DB5C-4005-8457-9F13966E6BFB}"
EndProject
Global
	GlobalSection(SolutionConfigurationPlatforms) = preSolution
		Debug|Any CPU = Debug|Any CPU
		Release|Any CPU = Release|Any CPU
	EndGlobalSection
	GlobalSection(ProjectConfigurationPlatforms) = postSolution
		{8C994DCF-4B85-47A8-9596-C474993C1BB5}.Debug|Any CPU.ActiveCfg = Debug|Any CPU
		{8C994DCF-4B85-47A8-9596-C474993C1BB5}.Debug|Any CPU.Build.0 = Debug|Any CPU
		{8C994DCF-4B85-47A8-9596-C474993C1BB5}.Release|Any CPU.ActiveCfg = Release|Any CPU
		{8C994DCF-4B85-47A8-9596-C474993C1BB5}.Release|Any CPU.Build.0 = Release|Any CPU
		{DD6B52A3-F4D5-4E3F-A226-20FFA47DA0FD}.Debug|Any CPU.ActiveCfg = Debug|Any CPU
		{DD6B52A3-F4D5-4E3F-A226-20FFA47DA0FD}.Debug|Any CPU.Build.0 = Debug|Any CPU
		{DD6B52A3-F4D5-4E3F-A226-20FFA47DA0FD}.Release|Any CPU.ActiveCfg = Release|Any CPU
		{DD6B52A3-F4D5-4E3F-A226-20FFA47DA0FD}.Release|Any CPU.Build.0 = Release|Any CPU
		{A073968A-DB5C-4005-8457-9F13966E6BFB}.Debug|Any CPU.ActiveCfg = Debug|Any CPU
		{A073968A-DB5C-4005-8457-9F13966E6BFB}.Debug|Any CPU.Build.0 = Debug|Any CPU
		{A073968A-DB5C-4005-8457-9F13966E6BFB}.Release|Any CPU.ActiveCfg = Release|Any CPU
		{A073968A-DB5C-4005-8457-9F13966E6BFB}.Release|Any CPU.Build.0 = Release|Any CPU
	EndGlobalSection
	GlobalSection(SolutionProperties) = preSolution
		HideSolutionNode = FALSE
	EndGlobalSection
	GlobalSection(ExtensibilityGlobals) = postSolution
		SolutionGuid = {11601719-62A2-4DA6-A6CB-16501F837F52}
	EndGlobalSection
EndGlobal
